
Microsoft Visual Studio Solution File, Format Version 12.00
# Visual Studio Version 16
VisualStudioVersion = 16.0.30907.101
MinimumVisualStudioVersion = 10.0.40219.1
Project("{FAE04EC0-301F-11D3-BF4B-00C04F79EFBC}") = "Facebook Live Bot - PseudoX", "Facebook Live Bot - PseudoX.csproj", "{BAE36F8C-9119-4B3C-A876-C79CBF87584B}"
EndProject
Global
	GlobalSection(SolutionConfigurationPlatforms) = preSolution
		Debug|Any CPU = Debug|Any CPU
		Release|Any CPU = Release|Any CPU
	EndGlobalSection
	GlobalSection(ProjectConfigurationPlatforms) = postSolution
		{BAE36F8C-9119-4B3C-A876-C79CBF87584B}.Debug|Any CPU.ActiveCfg = Debug|Any CPU
		{BAE36F8C-9119-4B3C-A876-C79CBF87584B}.Debug|Any CPU.Build.0 = Debug|Any CPU
		{BAE36F8C-9119-4B3C-A876-C79CBF87584B}.Release|Any CPU.ActiveCfg = Release|Any CPU
		{BAE36F8C-9119-4B3C-A876-C79CBF87584B}.Release|Any CPU.Build.0 = Release|Any CPU
	EndGlobalSection
	GlobalSection(SolutionProperties) = preSolution
		HideSolutionNode = FALSE
	EndGlobalSection
	GlobalSection(ExtensibilityGlobals) = postSolution
		SolutionGuid = {E9244F07-DB40-443A-B423-19B5BD329182}
	EndGlobalSection
EndGlobal
